
Microsoft Visual Studio Solution File, Format Version 12.00
# Visual Studio 15
VisualStudioVersion = 15.0.27130.2036
MinimumVisualStudioVersion = 10.0.40219.1
Project("{FAE04EC0-301F-11D3-BF4B-00C04F79EFBC}") = "WPF_Vivat_Radio", "WPF_Vivat_Radio\WPF_Vivat_Radio.csproj", "{34776259-E2E3-4ED5-9BE9-AF738D103D79}"
EndProject
Global
	GlobalSection(SolutionConfigurationPlatforms) = preSolution
		Debug|Any CPU = Debug|Any CPU
		Release|Any CPU = Release|Any CPU
	EndGlobalSection
	GlobalSection(ProjectConfigurationPlatforms) = postSolution
		{34776259-E2E3-4ED5-9BE9-AF738D103D79}.Debug|Any CPU.ActiveCfg = Debug|Any CPU
		{34776259-E2E3-4ED5-9BE9-AF738D103D79}.Debug|Any CPU.Build.0 = Debug|Any CPU
		{34776259-E2E3-4ED5-9BE9-AF738D103D79}.Release|Any CPU.ActiveCfg = Release|Any CPU
		{34776259-E2E3-4ED5-9BE9-AF738D103D79}.Release|Any CPU.Build.0 = Release|Any CPU
	EndGlobalSection
	GlobalSection(SolutionProperties) = preSolution
		HideSolutionNode = FALSE
	EndGlobalSection
	GlobalSection(ExtensibilityGlobals) = postSolution
		SolutionGuid = {C159AC6D-A4B7-4544-821D-50E930862825}
	EndGlobalSection
EndGlobal
